// !$*UTF8*$!
{
	archiveVersion = 1;
	classes = {
	};
	objectVersion = 77;
	objects = {

/* Begin PBXBuildFile section */
		E24FA4E82D1AEF4C00F2C93C /* DetailsUserView.swift in Sources */ = {isa = PBXBuildFile; fileRef = E24FA4E72D1AEF4C00F2C93C /* DetailsUserView.swift */; };
		E2DE4A4B2D133BE900347725 /* Preview Assets.xcassets in Resources */ = {isa = PBXBuildFile; fileRef = E2DE4A452D133BE900347725 /* Preview Assets.xcassets */; };
		E2DE4A4C2D133BE900347725 /* Assets.xcassets in Resources */ = {isa = PBXBuildFile; fileRef = E2DE4A472D133BE900347725 /* Assets.xcassets */; };
		E2DE4A4D2D133BE900347725 /* RouterView.swift in Sources */ = {isa = PBXBuildFile; fileRef = E2DE4A482D133BE900347725 /* RouterView.swift */; };
		E2DE4A4E2D133BE900347725 /* UsersNetworkApp.swift in Sources */ = {isa = PBXBuildFile; fileRef = E2DE4A492D133BE900347725 /* UsersNetworkApp.swift */; };
		E2DE4A522D1351F100347725 /* ResultsUsers.swift in Sources */ = {isa = PBXBuildFile; fileRef = E2DE4A512D1351F100347725 /* ResultsUsers.swift */; };
		E2DE4A562D1358FD00347725 /* URLManager.swift in Sources */ = {isa = PBXBuildFile; fileRef = E2DE4A552D1358FD00347725 /* URLManager.swift */; };
		E2DE4A5A2D13595600347725 /* Endpoint.swift in Sources */ = {isa = PBXBuildFile; fileRef = E2DE4A592D13595600347725 /* Endpoint.swift */; };
		E2DE4A5C2D135A1900347725 /* Gateway.swift in Sources */ = {isa = PBXBuildFile; fileRef = E2DE4A5B2D135A1900347725 /* Gateway.swift */; };
		E2DE4A5E2D135A7700347725 /* Server.swift in Sources */ = {isa = PBXBuildFile; fileRef = E2DE4A5D2D135A7700347725 /* Server.swift */; };
		E2DE4A602D135B2B00347725 /* ParsingService.swift in Sources */ = {isa = PBXBuildFile; fileRef = E2DE4A5F2D135B2B00347725 /* ParsingService.swift */; };
		E2DE4A622D135C1F00347725 /* NetworkService.swift in Sources */ = {isa = PBXBuildFile; fileRef = E2DE4A612D135C1F00347725 /* NetworkService.swift */; };
		E2DE4A642D135D5700347725 /* NetworkError.swift in Sources */ = {isa = PBXBuildFile; fileRef = E2DE4A632D135D5700347725 /* NetworkError.swift */; };
		E2DE4A682D13605C00347725 /* UsersViewModel.swift in Sources */ = {isa = PBXBuildFile; fileRef = E2DE4A672D13605C00347725 /* UsersViewModel.swift */; };
		E2DE4A6E2D13609000347725 /* UsersView.swift in Sources */ = {isa = PBXBuildFile; fileRef = E2DE4A6D2D13609000347725 /* UsersView.swift */; };
		E2DE4A702D1360B200347725 /* CurrentUsersView.swift in Sources */ = {isa = PBXBuildFile; fileRef = E2DE4A6F2D1360B200347725 /* CurrentUsersView.swift */; };
/* End PBXBuildFile section */

/* Begin PBXFileReference section */
		E24FA4E72D1AEF4C00F2C93C /* DetailsUserView.swift */ = {isa = PBXFileReference; lastKnownFileType = sourcecode.swift; path = DetailsUserView.swift; sourceTree = "<group>"; };
		E2954E722D1337BF00DB0A00 /* UsersNetwork.app */ = {isa = PBXFileReference; explicitFileType = wrapper.application; includeInIndex = 0; path = UsersNetwork.app; sourceTree = BUILT_PRODUCTS_DIR; };
		E2DE4A452D133BE900347725 /* Preview Assets.xcassets */ = {isa = PBXFileReference; lastKnownFileType = folder.assetcatalog; path = "Preview Assets.xcassets"; sourceTree = "<group>"; };
		E2DE4A472D133BE900347725 /* Assets.xcassets */ = {isa = PBXFileReference; lastKnownFileType = folder.assetcatalog; path = Assets.xcassets; sourceTree = "<group>"; };
		E2DE4A482D133BE900347725 /* RouterView.swift */ = {isa = PBXFileReference; lastKnownFileType = sourcecode.swift; path = RouterView.swift; sourceTree = "<group>"; };
		E2DE4A492D133BE900347725 /* UsersNetworkApp.swift */ = {isa = PBXFileReference; lastKnownFileType = sourcecode.swift; path = UsersNetworkApp.swift; sourceTree = "<group>"; };
		E2DE4A512D1351F100347725 /* ResultsUsers.swift */ = {isa = PBXFileReference; lastKnownFileType = sourcecode.swift; path = ResultsUsers.swift; sourceTree = "<group>"; };
		E2DE4A552D1358FD00347725 /* URLManager.swift */ = {isa = PBXFileReference; lastKnownFileType = sourcecode.swift; path = URLManager.swift; sourceTree = "<group>"; };
		E2DE4A592D13595600347725 /* Endpoint.swift */ = {isa = PBXFileReference; lastKnownFileType = sourcecode.swift; path = Endpoint.swift; sourceTree = "<group>"; };
		E2DE4A5B2D135A1900347725 /* Gateway.swift */ = {isa = PBXFileReference; lastKnownFileType = sourcecode.swift; path = Gateway.swift; sourceTree = "<group>"; };
		E2DE4A5D2D135A7700347725 /* Server.swift */ = {isa = PBXFileReference; lastKnownFileType = sourcecode.swift; path = Server.swift; sourceTree = "<group>"; };
		E2DE4A5F2D135B2B00347725 /* ParsingService.swift */ = {isa = PBXFileReference; lastKnownFileType = sourcecode.swift; path = ParsingService.swift; sourceTree = "<group>"; };
		E2DE4A612D135C1F00347725 /* NetworkService.swift */ = {isa = PBXFileReference; lastKnownFileType = sourcecode.swift; path = NetworkService.swift; sourceTree = "<group>"; };
		E2DE4A632D135D5700347725 /* NetworkError.swift */ = {isa = PBXFileReference; lastKnownFileType = sourcecode.swift; path = NetworkError.swift; sourceTree = "<group>"; };
		E2DE4A672D13605C00347725 /* UsersViewModel.swift */ = {isa = PBXFileReference; lastKnownFileType = sourcecode.swift; path = UsersViewModel.swift; sourceTree = "<group>"; };
		E2DE4A6D2D13609000347725 /* UsersView.swift */ = {isa = PBXFileReference; lastKnownFileType = sourcecode.swift; path = UsersView.swift; sourceTree = "<group>"; };
		E2DE4A6F2D1360B200347725 /* CurrentUsersView.swift */ = {isa = PBXFileReference; lastKnownFileType = sourcecode.swift; path = CurrentUsersView.swift; sourceTree = "<group>"; };
/* End PBXFileReference section */

/* Begin PBXFrameworksBuildPhase section */
		E2954E6F2D1337BF00DB0A00 /* Frameworks */ = {
			isa = PBXFrameworksBuildPhase;
			buildActionMask = 2147483647;
			files = (
			);
			runOnlyForDeploymentPostprocessing = 0;
		};
/* End PBXFrameworksBuildPhase section */

/* Begin PBXGroup section */
		E2954E692D1337BF00DB0A00 = {
			isa = PBXGroup;
			children = (
				E2DE4A4A2D133BE900347725 /* UsersNetwork */,
				E2954E732D1337BF00DB0A00 /* Products */,
			);
			sourceTree = "<group>";
		};
		E2954E732D1337BF00DB0A00 /* Products */ = {
			isa = PBXGroup;
			children = (
				E2954E722D1337BF00DB0A00 /* UsersNetwork.app */,
			);
			name = Products;
			sourceTree = "<group>";
		};
		E2DE4A462D133BE900347725 /* Preview Content */ = {
			isa = PBXGroup;
			children = (
				E2DE4A452D133BE900347725 /* Preview Assets.xcassets */,
			);
			path = "Preview Content";
			sourceTree = "<group>";
		};
		E2DE4A4A2D133BE900347725 /* UsersNetwork */ = {
			isa = PBXGroup;
			children = (
				E2DE4A492D133BE900347725 /* UsersNetworkApp.swift */,
				E2DE4A502D133C0700347725 /* Model */,
				E2DE4A4F2D133BF700347725 /* View */,
				E2DE4A532D13535300347725 /* ViewModel */,
				E2DE4A542D13536D00347725 /* Services */,
				E2DE4A582D13593200347725 /* Error */,
				E2DE4A472D133BE900347725 /* Assets.xcassets */,
				E2DE4A462D133BE900347725 /* Preview Content */,
			);
			path = UsersNetwork;
			sourceTree = "<group>";
		};
		E2DE4A4F2D133BF700347725 /* View */ = {
			isa = PBXGroup;
			children = (
				E2DE4A482D133BE900347725 /* RouterView.swift */,
				E2DE4A6D2D13609000347725 /* UsersView.swift */,
				E2DE4A6F2D1360B200347725 /* CurrentUsersView.swift */,
				E24FA4E72D1AEF4C00F2C93C /* DetailsUserView.swift */,
			);
			path = View;
			sourceTree = "<group>";
		};
		E2DE4A502D133C0700347725 /* Model */ = {
			isa = PBXGroup;
			children = (
				E2DE4A512D1351F100347725 /* ResultsUsers.swift */,
			);
			path = Model;
			sourceTree = "<group>";
		};
		E2DE4A532D13535300347725 /* ViewModel */ = {
			isa = PBXGroup;
			children = (
				E2DE4A672D13605C00347725 /* UsersViewModel.swift */,
			);
			path = ViewModel;
			sourceTree = "<group>";
		};
		E2DE4A542D13536D00347725 /* Services */ = {
			isa = PBXGroup;
			children = (
				E2DE4A552D1358FD00347725 /* URLManager.swift */,
				E2DE4A5F2D135B2B00347725 /* ParsingService.swift */,
				E2DE4A612D135C1F00347725 /* NetworkService.swift */,
				E2DE4A572D13592700347725 /* Components */,
			);
			path = Services;
			sourceTree = "<group>";
		};
		E2DE4A572D13592700347725 /* Components */ = {
			isa = PBXGroup;
			children = (
				E2DE4A5B2D135A1900347725 /* Gateway.swift */,
				E2DE4A5D2D135A7700347725 /* Server.swift */,
				E2DE4A592D13595600347725 /* Endpoint.swift */,
			);
			path = Components;
			sourceTree = "<group>";
		};
		E2DE4A582D13593200347725 /* Error */ = {
			isa = PBXGroup;
			children = (
				E2DE4A632D135D5700347725 /* NetworkError.swift */,
			);
			path = Error;
			sourceTree = "<group>";
		};
/* End PBXGroup section */

/* Begin PBXNativeTarget section */
		E2954E712D1337BF00DB0A00 /* UsersNetwork */ = {
			isa = PBXNativeTarget;
			buildConfigurationList = E2954E802D1337C100DB0A00 /* Build configuration list for PBXNativeTarget "UsersNetwork" */;
			buildPhases = (
				E2954E6E2D1337BF00DB0A00 /* Sources */,
				E2954E6F2D1337BF00DB0A00 /* Frameworks */,
				E2954E702D1337BF00DB0A00 /* Resources */,
			);
			buildRules = (
			);
			dependencies = (
			);
			name = UsersNetwork;
			packageProductDependencies = (
			);
			productName = UsersNetwork;
			productReference = E2954E722D1337BF00DB0A00 /* UsersNetwork.app */;
			productType = "com.apple.product-type.application";
		};
/* End PBXNativeTarget section */

/* Begin PBXProject section */
		E2954E6A2D1337BF00DB0A00 /* Project object */ = {
			isa = PBXProject;
			attributes = {
				BuildIndependentTargetsInParallel = 1;
				LastSwiftUpdateCheck = 1600;
				LastUpgradeCheck = 1600;
				TargetAttributes = {
					E2954E712D1337BF00DB0A00 = {
						CreatedOnToolsVersion = 16.0;
					};
				};
			};
			buildConfigurationList = E2954E6D2D1337BF00DB0A00 /* Build configuration list for PBXProject "UsersNetwork" */;
			developmentRegion = en;
			hasScannedForEncodings = 0;
			knownRegions = (
				en,
				Base,
			);
			mainGroup = E2954E692D1337BF00DB0A00;
			minimizedProjectReferenceProxies = 1;
			preferredProjectObjectVersion = 77;
			productRefGroup = E2954E732D1337BF00DB0A00 /* Products */;
			projectDirPath = "";
			projectRoot = "";
			targets = (
				E2954E712D1337BF00DB0A00 /* UsersNetwork */,
			);
		};
/* End PBXProject section */

/* Begin PBXResourcesBuildPhase section */
		E2954E702D1337BF00DB0A00 /* Resources */ = {
			isa = PBXResourcesBuildPhase;
			buildActionMask = 2147483647;
			files = (
				E2DE4A4B2D133BE900347725 /* Preview Assets.xcassets in Resources */,
				E2DE4A4C2D133BE900347725 /* Assets.xcassets in Resources */,
			);
			runOnlyForDeploymentPostprocessing = 0;
		};
/* End PBXResourcesBuildPhase section */

/* Begin PBXSourcesBuildPhase section */
		E2954E6E2D1337BF00DB0A00 /* Sources */ = {
			isa = PBXSourcesBuildPhase;
			buildActionMask = 2147483647;
			files = (
				E2DE4A602D135B2B00347725 /* ParsingService.swift in Sources */,
				E2DE4A682D13605C00347725 /* UsersViewModel.swift in Sources */,
				E24FA4E82D1AEF4C00F2C93C /* DetailsUserView.swift in Sources */,
				E2DE4A5E2D135A7700347725 /* Server.swift in Sources */,
				E2DE4A522D1351F100347725 /* ResultsUsers.swift in Sources */,
				E2DE4A702D1360B200347725 /* CurrentUsersView.swift in Sources */,
				E2DE4A562D1358FD00347725 /* URLManager.swift in Sources */,
				E2DE4A622D135C1F00347725 /* NetworkService.swift in Sources */,
				E2DE4A4D2D133BE900347725 /* RouterView.swift in Sources */,
				E2DE4A4E2D133BE900347725 /* UsersNetworkApp.swift in Sources */,
				E2DE4A5C2D135A1900347725 /* Gateway.swift in Sources */,
				E2DE4A6E2D13609000347725 /* UsersView.swift in Sources */,
				E2DE4A5A2D13595600347725 /* Endpoint.swift in Sources */,
				E2DE4A642D135D5700347725 /* NetworkError.swift in Sources */,
			);
			runOnlyForDeploymentPostprocessing = 0;
		};
/* End PBXSourcesBuildPhase section */

/* Begin XCBuildConfiguration section */
		E2954E7E2D1337C100DB0A00 /* Debug */ = {
			isa = XCBuildConfiguration;
			buildSettings = {
				ALWAYS_SEARCH_USER_PATHS = NO;
				ASSETCATALOG_COMPILER_GENERATE_SWIFT_ASSET_SYMBOL_EXTENSIONS = YES;
				CLANG_ANALYZER_NONNULL = YES;
				CLANG_ANALYZER_NUMBER_OBJECT_CONVERSION = YES_AGGRESSIVE;
				CLANG_CXX_LANGUAGE_STANDARD = "gnu++20";
				CLANG_ENABLE_MODULES = YES;
				CLANG_ENABLE_OBJC_ARC = YES;
				CLANG_ENABLE_OBJC_WEAK = YES;
				CLANG_WARN_BLOCK_CAPTURE_AUTORELEASING = YES;
				CLANG_WARN_BOOL_CONVERSION = YES;
				CLANG_WARN_COMMA = YES;
				CLANG_WARN_CONSTANT_CONVERSION = YES;
				CLANG_WARN_DEPRECATED_OBJC_IMPLEMENTATIONS = YES;
				CLANG_WARN_DIRECT_OBJC_ISA_USAGE = YES_ERROR;
				CLANG_WARN_DOCUMENTATION_COMMENTS = YES;
				CLANG_WARN_EMPTY_BODY = YES;
				CLANG_WARN_ENUM_CONVERSION = YES;
				CLANG_WARN_INFINITE_RECURSION = YES;
				CLANG_WARN_INT_CONVERSION = YES;
				CLANG_WARN_NON_LITERAL_NULL_CONVERSION = YES;
				CLANG_WARN_OBJC_IMPLICIT_RETAIN_SELF = YES;
				CLANG_WARN_OBJC_LITERAL_CONVERSION = YES;
				CLANG_WARN_OBJC_ROOT_CLASS = YES_ERROR;
				CLANG_WARN_QUOTED_INCLUDE_IN_FRAMEWORK_HEADER = YES;
				CLANG_WARN_RANGE_LOOP_ANALYSIS = YES;
				CLANG_WARN_STRICT_PROTOTYPES = YES;
				CLANG_WARN_SUSPICIOUS_MOVE = YES;
				CLANG_WARN_UNGUARDED_AVAILABILITY = YES_AGGRESSIVE;
				CLANG_WARN_UNREACHABLE_CODE = YES;
				CLANG_WARN__DUPLICATE_METHOD_MATCH = YES;
				COPY_PHASE_STRIP = NO;
				DEBUG_INFORMATION_FORMAT = dwarf;
				ENABLE_STRICT_OBJC_MSGSEND = YES;
				ENABLE_TESTABILITY = YES;
				ENABLE_USER_SCRIPT_SANDBOXING = YES;
				GCC_C_LANGUAGE_STANDARD = gnu17;
				GCC_DYNAMIC_NO_PIC = NO;
				GCC_NO_COMMON_BLOCKS = YES;
				GCC_OPTIMIZATION_LEVEL = 0;
				GCC_PREPROCESSOR_DEFINITIONS = (
					"DEBUG=1",
					"$(inherited)",
				);
				GCC_WARN_64_TO_32_BIT_CONVERSION = YES;
				GCC_WARN_ABOUT_RETURN_TYPE = YES_ERROR;
				GCC_WARN_UNDECLARED_SELECTOR = YES;
				GCC_WARN_UNINITIALIZED_AUTOS = YES_AGGRESSIVE;
				GCC_WARN_UNUSED_FUNCTION = YES;
				GCC_WARN_UNUSED_VARIABLE = YES;
				IPHONEOS_DEPLOYMENT_TARGET = 18.0;
				LOCALIZATION_PREFERS_STRING_CATALOGS = YES;
				MTL_ENABLE_DEBUG_INFO = INCLUDE_SOURCE;
				MTL_FAST_MATH = YES;
				ONLY_ACTIVE_ARCH = YES;
				SDKROOT = iphoneos;
				SWIFT_ACTIVE_COMPILATION_CONDITIONS = "DEBUG $(inherited)";
				SWIFT_OPTIMIZATION_LEVEL = "-Onone";
			};
			name = Debug;
		};
		E2954E7F2D1337C100DB0A00 /* Release */ = {
			isa = XCBuildConfiguration;
			buildSettings = {
				ALWAYS_SEARCH_USER_PATHS = NO;
				ASSETCATALOG_COMPILER_GENERATE_SWIFT_ASSET_SYMBOL_EXTENSIONS = YES;
				CLANG_ANALYZER_NONNULL = YES;
				CLANG_ANALYZER_NUMBER_OBJECT_CONVERSION = YES_AGGRESSIVE;
				CLANG_CXX_LANGUAGE_STANDARD = "gnu++20";
				CLANG_ENABLE_MODULES = YES;
				CLANG_ENABLE_OBJC_ARC = YES;
				CLANG_ENABLE_OBJC_WEAK = YES;
				CLANG_WARN_BLOCK_CAPTURE_AUTORELEASING = YES;
				CLANG_WARN_BOOL_CONVERSION = YES;
				CLANG_WARN_COMMA = YES;
				CLANG_WARN_CONSTANT_CONVERSION = YES;
				CLANG_WARN_DEPRECATED_OBJC_IMPLEMENTATIONS = YES;
				CLANG_WARN_DIRECT_OBJC_ISA_USAGE = YES_ERROR;
				CLANG_WARN_DOCUMENTATION_COMMENTS = YES;
				CLANG_WARN_EMPTY_BODY = YES;
				CLANG_WARN_ENUM_CONVERSION = YES;
				CLANG_WARN_INFINITE_RECURSION = YES;
				CLANG_WARN_INT_CONVERSION = YES;
				CLANG_WARN_NON_LITERAL_NULL_CONVERSION = YES;
				CLANG_WARN_OBJC_IMPLICIT_RETAIN_SELF = YES;
				CLANG_WARN_OBJC_LITERAL_CONVERSION = YES;
				CLANG_WARN_OBJC_ROOT_CLASS = YES_ERROR;
				CLANG_WARN_QUOTED_INCLUDE_IN_FRAMEWORK_HEADER = YES;
				CLANG_WARN_RANGE_LOOP_ANALYSIS = YES;
				CLANG_WARN_STRICT_PROTOTYPES = YES;
				CLANG_WARN_SUSPICIOUS_MOVE = YES;
				CLANG_WARN_UNGUARDED_AVAILABILITY = YES_AGGRESSIVE;
				CLANG_WARN_UNREACHABLE_CODE = YES;
				CLANG_WARN__DUPLICATE_METHOD_MATCH = YES;
				COPY_PHASE_STRIP = NO;
				DEBUG_INFORMATION_FORMAT = "dwarf-with-dsym";
				ENABLE_NS_ASSERTIONS = NO;
				ENABLE_STRICT_OBJC_MSGSEND = YES;
				ENABLE_USER_SCRIPT_SANDBOXING = YES;
				GCC_C_LANGUAGE_STANDARD = gnu17;
				GCC_NO_COMMON_BLOCKS = YES;
				GCC_WARN_64_TO_32_BIT_CONVERSION = YES;
				GCC_WARN_ABOUT_RETURN_TYPE = YES_ERROR;
				GCC_WARN_UNDECLARED_SELECTOR = YES;
				GCC_WARN_UNINITIALIZED_AUTOS = YES_AGGRESSIVE;
				GCC_WARN_UNUSED_FUNCTION = YES;
				GCC_WARN_UNUSED_VARIABLE = YES;
				IPHONEOS_DEPLOYMENT_TARGET = 18.0;
				LOCALIZATION_PREFERS_STRING_CATALOGS = YES;
				MTL_ENABLE_DEBUG_INFO = NO;
				MTL_FAST_MATH = YES;
				SDKROOT = iphoneos;
				SWIFT_COMPILATION_MODE = wholemodule;
				VALIDATE_PRODUCT = YES;
			};
			name = Release;
		};
		E2954E812D1337C100DB0A00 /* Debug */ = {
			isa = XCBuildConfiguration;
			buildSettings = {
				ASSETCATALOG_COMPILER_APPICON_NAME = AppIcon;
				ASSETCATALOG_COMPILER_GLOBAL_ACCENT_COLOR_NAME = AccentColor;
				CODE_SIGN_STYLE = Automatic;
				CURRENT_PROJECT_VERSION = 1;
				DEVELOPMENT_ASSET_PATHS = "\"UsersNetwork/Preview Content\"";
				ENABLE_PREVIEWS = YES;
				GENERATE_INFOPLIST_FILE = YES;
				INFOPLIST_KEY_UIApplicationSceneManifest_Generation = YES;
				INFOPLIST_KEY_UIApplicationSupportsIndirectInputEvents = YES;
				INFOPLIST_KEY_UILaunchScreen_Generation = YES;
				INFOPLIST_KEY_UISupportedInterfaceOrientations_iPad = "UIInterfaceOrientationPortrait UIInterfaceOrientationPortraitUpsideDown UIInterfaceOrientationLandscapeLeft UIInterfaceOrientationLandscapeRight";
				INFOPLIST_KEY_UISupportedInterfaceOrientations_iPhone = "UIInterfaceOrientationPortrait UIInterfaceOrientationLandscapeLeft UIInterfaceOrientationLandscapeRight";
				LD_RUNPATH_SEARCH_PATHS = (
					"$(inherited)",
					"@executable_path/Frameworks",
				);
				MARKETING_VERSION = 1.0;
				PRODUCT_BUNDLE_IDENTIFIER = com.example.UsersNetwork;
				PRODUCT_NAME = "$(TARGET_NAME)";
				SWIFT_EMIT_LOC_STRINGS = YES;
				SWIFT_VERSION = 5.0;
				TARGETED_DEVICE_FAMILY = "1,2";
			};
			name = Debug;
		};
		E2954E822D1337C100DB0A00 /* Release */ = {
			isa = XCBuildConfiguration;
			buildSettings = {
				ASSETCATALOG_COMPILER_APPICON_NAME = AppIcon;
				ASSETCATALOG_COMPILER_GLOBAL_ACCENT_COLOR_NAME = AccentColor;
				CODE_SIGN_STYLE = Automatic;
				CURRENT_PROJECT_VERSION = 1;
				DEVELOPMENT_ASSET_PATHS = "\"UsersNetwork/Preview Content\"";
				ENABLE_PREVIEWS = YES;
				GENERATE_INFOPLIST_FILE = YES;
				INFOPLIST_KEY_UIApplicationSceneManifest_Generation = YES;
				INFOPLIST_KEY_UIApplicationSupportsIndirectInputEvents = YES;
				INFOPLIST_KEY_UILaunchScreen_Generation = YES;
				INFOPLIST_KEY_UISupportedInterfaceOrientations_iPad = "UIInterfaceOrientationPortrait UIInterfaceOrientationPortraitUpsideDown UIInterfaceOrientationLandscapeLeft UIInterfaceOrientationLandscapeRight";
				INFOPLIST_KEY_UISupportedInterfaceOrientations_iPhone = "UIInterfaceOrientationPortrait UIInterfaceOrientationLandscapeLeft UIInterfaceOrientationLandscapeRight";
				LD_RUNPATH_SEARCH_PATHS = (
					"$(inherited)",
					"@executable_path/Frameworks",
				);
				MARKETING_VERSION = 1.0;
				PRODUCT_BUNDLE_IDENTIFIER = com.example.UsersNetwork;
				PRODUCT_NAME = "$(TARGET_NAME)";
				SWIFT_EMIT_LOC_STRINGS = YES;
				SWIFT_VERSION = 5.0;
				TARGETED_DEVICE_FAMILY = "1,2";
			};
			name = Release;
		};
/* End XCBuildConfiguration section */

/* Begin XCConfigurationList section */
		E2954E6D2D1337BF00DB0A00 /* Build configuration list for PBXProject "UsersNetwork" */ = {
			isa = XCConfigurationList;
			buildConfigurations = (
				E2954E7E2D1337C100DB0A00 /* Debug */,
				E2954E7F2D1337C100DB0A00 /* Release */,
			);
			defaultConfigurationIsVisible = 0;
			defaultConfigurationName = Release;
		};
		E2954E802D1337C100DB0A00 /* Build configuration list for PBXNativeTarget "UsersNetwork" */ = {
			isa = XCConfigurationList;
			buildConfigurations = (
				E2954E812D1337C100DB0A00 /* Debug */,
				E2954E822D1337C100DB0A00 /* Release */,
			);
			defaultConfigurationIsVisible = 0;
			defaultConfigurationName = Release;
		};
/* End XCConfigurationList section */
	};
	rootObject = E2954E6A2D1337BF00DB0A00 /* Project object */;
}
